Microsoft Visual Studio Solution File, Format Version 12.00
# Visual Studio Version 17
VisualStudioVersion = 17.5.2.0
MinimumVisualStudioVersion = 10.0.40219.1
Project("{FAE04EC0-301F-11D3-BF4B-00C04F79EFBC}") = "SistemaSimplesDeLogin", "SistemaSimplesDeLogin.csproj", "{EFAE6D40-0EB8-AF04-079D-8875D4E26413}"
EndProject
Global
	GlobalSection(SolutionConfigurationPlatforms) = preSolution
		Debug|Any CPU = Debug|Any CPU
		Release|Any CPU = Release|Any CPU
	EndGlobalSection
	GlobalSection(ProjectConfigurationPlatforms) = postSolution
		{EFAE6D40-0EB8-AF04-079D-8875D4E26413}.Debug|Any CPU.ActiveCfg = Debug|Any CPU
		{EFAE6D40-0EB8-AF04-079D-8875D4E26413}.Debug|Any CPU.Build.0 = Debug|Any CPU
		{EFAE6D40-0EB8-AF04-079D-8875D4E26413}.Release|Any CPU.ActiveCfg = Release|Any CPU
		{EFAE6D40-0EB8-AF04-079D-8875D4E26413}.Release|Any CPU.Build.0 = Release|Any CPU
	EndGlobalSection
	GlobalSection(SolutionProperties) = preSolution
		HideSolutionNode = FALSE
	EndGlobalSection
	GlobalSection(ExtensibilityGlobals) = postSolution
		SolutionGuid = {06661C9F-4592-41B6-9DFD-0DBD2AB542AD}
	EndGlobalSection
EndGlobal
